
Microsoft Visual Studio Solution File, Format Version 12.00
# Visual Studio Version 17
VisualStudioVersion = 17.9.34622.214
MinimumVisualStudioVersion = 10.0.40219.1
Project("{FAE04EC0-301F-11D3-BF4B-00C04F79EFBC}") = "WebApplicationModels", "WebApplicationModels\WebApplicationModels.csproj", "{685BF49D-EE6C-41AB-9C2C-11978D2117B2}"
EndProject
Global
	GlobalSection(SolutionConfigurationPlatforms) = preSolution
		Debug|Any CPU = Debug|Any CPU
		Release|Any CPU = Release|Any CPU
	EndGlobalSection
	GlobalSection(ProjectConfigurationPlatforms) = postSolution
		{685BF49D-EE6C-41AB-9C2C-11978D2117B2}.Debug|Any CPU.ActiveCfg = Debug|Any CPU
		{685BF49D-EE6C-41AB-9C2C-11978D2117B2}.Debug|Any CPU.Build.0 = Debug|Any CPU
		{685BF49D-EE6C-41AB-9C2C-11978D2117B2}.Release|Any CPU.ActiveCfg = Release|Any CPU
		{685BF49D-EE6C-41AB-9C2C-11978D2117B2}.Release|Any CPU.Build.0 = Release|Any CPU
	EndGlobalSection
	GlobalSection(SolutionProperties) = preSolution
		HideSolutionNode = FALSE
	EndGlobalSection
	GlobalSection(ExtensibilityGlobals) = postSolution
		SolutionGuid = {26B095AC-4781-42B5-8518-C831E42DEC1C}
	EndGlobalSection
EndGlobal
