
Microsoft Visual Studio Solution File, Format Version 12.00
# Visual Studio Version 17
VisualStudioVersion = 17.9.34622.214
MinimumVisualStudioVersion = 10.0.40219.1
Project("{FAE04EC0-301F-11D3-BF4B-00C04F79EFBC}") = "DatabaseFirstApproach", "DatabaseFirstApproach\DatabaseFirstApproach.csproj", "{85FDA69E-E8A2-4DCC-89FF-C62E4FE9712B}"
EndProject
Global
	GlobalSection(SolutionConfigurationPlatforms) = preSolution
		Debug|Any CPU = Debug|Any CPU
		Release|Any CPU = Release|Any CPU
	EndGlobalSection
	GlobalSection(ProjectConfigurationPlatforms) = postSolution
		{85FDA69E-E8A2-4DCC-89FF-C62E4FE9712B}.Debug|Any CPU.ActiveCfg = Debug|Any CPU
		{85FDA69E-E8A2-4DCC-89FF-C62E4FE9712B}.Debug|Any CPU.Build.0 = Debug|Any CPU
		{85FDA69E-E8A2-4DCC-89FF-C62E4FE9712B}.Release|Any CPU.ActiveCfg = Release|Any CPU
		{85FDA69E-E8A2-4DCC-89FF-C62E4FE9712B}.Release|Any CPU.Build.0 = Release|Any CPU
	EndGlobalSection
	GlobalSection(SolutionProperties) = preSolution
		HideSolutionNode = FALSE
	EndGlobalSection
	GlobalSection(ExtensibilityGlobals) = postSolution
		SolutionGuid = {85CB2A95-FCC2-49DA-BC41-D3BA3BE52F3E}
	EndGlobalSection
EndGlobal
