
Microsoft Visual Studio Solution File, Format Version 12.00
# Visual Studio Version 17
VisualStudioVersion = 17.9.34622.214
MinimumVisualStudioVersion = 10.0.40219.1
Project("{FAE04EC0-301F-11D3-BF4B-00C04F79EFBC}") = "BindMultipleModel", "BindMultipleModel\BindMultipleModel.csproj", "{BBA42485-CBED-495E-9360-0E9CE23098DE}"
EndProject
Global
	GlobalSection(SolutionConfigurationPlatforms) = preSolution
		Debug|Any CPU = Debug|Any CPU
		Release|Any CPU = Release|Any CPU
	EndGlobalSection
	GlobalSection(ProjectConfigurationPlatforms) = postSolution
		{BBA42485-CBED-495E-9360-0E9CE23098DE}.Debug|Any CPU.ActiveCfg = Debug|Any CPU
		{BBA42485-CBED-495E-9360-0E9CE23098DE}.Debug|Any CPU.Build.0 = Debug|Any CPU
		{BBA42485-CBED-495E-9360-0E9CE23098DE}.Release|Any CPU.ActiveCfg = Release|Any CPU
		{BBA42485-CBED-495E-9360-0E9CE23098DE}.Release|Any CPU.Build.0 = Release|Any CPU
	EndGlobalSection
	GlobalSection(SolutionProperties) = preSolution
		HideSolutionNode = FALSE
	EndGlobalSection
	GlobalSection(ExtensibilityGlobals) = postSolution
		SolutionGuid = {FEBB1999-80EE-4F9D-97CE-025313CBA2DC}
	EndGlobalSection
EndGlobal
